{
  "name": "tektona-sandbox-base",
  "lockfileVersion": 3,
  "requires": true,
  "packages": {
    "": {
      "name": "tektona-sandbox-base",
      "dependencies": {
        "@anthropic-ai/claude-code": "^2.1.91",
        "@openai/codex": "^0.118.0",
        "opencode-ai": "^1.3.13"
      }
    },
    "node_modules/@anthropic-ai/claude-code": {
      "version": "2.1.91",
      "resolved": "https://registry.npmjs.org/@anthropic-ai/claude-code/-/claude-code-2.1.91.tgz",
      "integrity": "sha512-RvSjgk4yKfwjByUK+r6LXHU0aXLse0omlWhBefiFJhCyNAB8sc3NHc3N7+7CPaBLC/s3MHf3AQHSYqi6V8ltuA==",
      "license": "SEE LICENSE IN README.md",
      "bin": {
        "claude": "cli.js"
      },
      "engines": {
        "node": ">=18.0.0"
      },
      "optionalDependencies": {
        "@img/sharp-darwin-arm64": "^0.34.2",
        "@img/sharp-darwin-x64": "^0.34.2",
        "@img/sharp-linux-arm": "^0.34.2",
        "@img/sharp-linux-arm64": "^0.34.2",
        "@img/sharp-linux-x64": "^0.34.2",
        "@img/sharp-linuxmusl-arm64": "^0.34.2",
        "@img/sharp-linuxmusl-x64": "^0.34.2",
        "@img/sharp-win32-arm64": "^0.34.2",
        "@img/sharp-win32-x64": "^0.34.2"
      }
    },
    "node_modules/@img/sharp-darwin-arm64": {
      "version": "0.34.5",
      "resolved": "https://registry.npmjs.org/@img/sharp-darwin-arm64/-/sharp-darwin-arm64-0.34.5.tgz",
      "integrity": "sha512-imtQ3WMJXbMY4fxb/Ndp6HBTNVtWCUI0WdobyheGf5+ad6xX8VIDO8u2xE4qc/fr08CKG/7dDseFtn6M6g/r3w==",
      "cpu": [
        "arm64"
      ],
      "license": "Apache-2.0",
      "optional": true,
      "os": [
        "darwin"
      ],
      "engines": {
        "node": "^18.17.0 || ^20.3.0 || >=21.0.0"
      },
      "funding": {
        "url": "https://opencollective.com/libvips"
      },
      "optionalDependencies": {
        "@img/sharp-libvips-darwin-arm64": "1.2.4"
      }
    },
    "node_modules/@img/sharp-darwin-x64": {
      "version": "0.34.5",
      "resolved": "https://registry.npmjs.org/@img/sharp-darwin-x64/-/sharp-darwin-x64-0.34.5.tgz",
      "integrity": "sha512-YNEFAF/4KQ/PeW0N+r+aVVsoIY0/qxxikF2SWdp+NRkmMB7y9LBZAVqQ4yhGCm/H3H270OSykqmQMKLBhBJDEw==",
      "cpu": [
        "x64"
      ],
      "license": "Apache-2.0",
      "optional": true,
      "os": [
        "darwin"
      ],
      "engines": {
        "node": "^18.17.0 || ^20.3.0 || >=21.0.0"
      },
      "funding": {
        "url": "https://opencollective.com/libvips"
      },
      "optionalDependencies": {
        "@img/sharp-libvips-darwin-x64": "1.2.4"
      }
    },
    "node_modules/@img/sharp-libvips-darwin-arm64": {
      "version": "1.2.4",
      "resolved": "https://registry.npmjs.org/@img/sharp-libvips-darwin-arm64/-/sharp-libvips-darwin-arm64-1.2.4.tgz",
      "integrity": "sha512-zqjjo7RatFfFoP0MkQ51jfuFZBnVE2pRiaydKJ1G/rHZvnsrHAOcQALIi9sA5co5xenQdTugCvtb1cuf78Vf4g==",
      "cpu": [
        "arm64"
      ],
      "license": "LGPL-3.0-or-later",
      "optional": true,
      "os": [
        "darwin"
      ],
      "funding": {
        "url": "https://opencollective.com/libvips"
      }
    },
    "node_modules/@img/sharp-libvips-darwin-x64": {
      "version": "1.2.4",
      "resolved": "https://registry.npmjs.org/@img/sharp-libvips-darwin-x64/-/sharp-libvips-darwin-x64-1.2.4.tgz",
      "integrity": "sha512-1IOd5xfVhlGwX+zXv2N93k0yMONvUlANylbJw1eTah8K/Jtpi15KC+WSiaX/nBmbm2HxRM1gZ0nSdjSsrZbGKg==",
      "cpu": [
        "x64"
      ],
      "license": "LGPL-3.0-or-later",
      "optional": true,
      "os": [
        "darwin"
      ],
      "funding": {
        "url": "https://opencollective.com/libvips"
      }
    },
    "node_modules/@img/sharp-libvips-linux-arm": {
      "version": "1.2.4",
      "resolved": "https://registry.npmjs.org/@img/sharp-libvips-linux-arm/-/sharp-libvips-linux-arm-1.2.4.tgz",
      "integrity": "sha512-bFI7xcKFELdiNCVov8e44Ia4u2byA+l3XtsAj+Q8tfCwO6BQ8iDojYdvoPMqsKDkuoOo+X6HZA0s0q11ANMQ8A==",
      "cpu": [
        "arm"
      ],
      "license": "LGPL-3.0-or-later",
      "optional": true,
      "os": [
        "linux"
      ],
      "funding": {
        "url": "https://opencollective.com/libvips"
      }
    },
    "node_modules/@img/sharp-libvips-linux-arm64": {
      "version": "1.2.4",
      "resolved": "https://registry.npmjs.org/@img/sharp-libvips-linux-arm64/-/sharp-libvips-linux-arm64-1.2.4.tgz",
      "integrity": "sha512-excjX8DfsIcJ10x1Kzr4RcWe1edC9PquDRRPx3YVCvQv+U5p7Yin2s32ftzikXojb1PIFc/9Mt28/y+iRklkrw==",
      "cpu": [
        "arm64"
      ],
      "license": "LGPL-3.0-or-later",
      "optional": true,
      "os": [
        "linux"
      ],
      "funding": {
        "url": "https://opencollective.com/libvips"
      }
    },
    "node_modules/@img/sharp-libvips-linux-x64": {
      "version": "1.2.4",
      "resolved": "https://registry.npmjs.org/@img/sharp-libvips-linux-x64/-/sharp-libvips-linux-x64-1.2.4.tgz",
      "integrity": "sha512-tJxiiLsmHc9Ax1bz3oaOYBURTXGIRDODBqhveVHonrHJ9/+k89qbLl0bcJns+e4t4rvaNBxaEZsFtSfAdquPrw==",
      "cpu": [
        "x64"
      ],
      "license": "LGPL-3.0-or-later",
      "optional": true,
      "os": [
        "linux"
      ],
      "funding": {
        "url": "https://opencollective.com/libvips"
      }
    },
    "node_modules/@img/sharp-libvips-linuxmusl-arm64": {
      "version": "1.2.4",
      "resolved": "https://registry.npmjs.org/@img/sharp-libvips-linuxmusl-arm64/-/sharp-libvips-linuxmusl-arm64-1.2.4.tgz",
      "integrity": "sha512-FVQHuwx1IIuNow9QAbYUzJ+En8KcVm9Lk5+uGUQJHaZmMECZmOlix9HnH7n1TRkXMS0pGxIJokIVB9SuqZGGXw==",
      "cpu": [
        "arm64"
      ],
      "license": "LGPL-3.0-or-later",
      "optional": true,
      "os": [
        "linux"
      ],
      "funding": {
        "url": "https://opencollective.com/libvips"
      }
    },
    "node_modules/@img/sharp-libvips-linuxmusl-x64": {
      "version": "1.2.4",
      "resolved": "https://registry.npmjs.org/@img/sharp-libvips-linuxmusl-x64/-/sharp-libvips-linuxmusl-x64-1.2.4.tgz",
      "integrity": "sha512-+LpyBk7L44ZIXwz/VYfglaX/okxezESc6UxDSoyo2Ks6Jxc4Y7sGjpgU9s4PMgqgjj1gZCylTieNamqA1MF7Dg==",
      "cpu": [
        "x64"
      ],
      "license": "LGPL-3.0-or-later",
      "optional": true,
      "os": [
        "linux"
      ],
      "funding": {
        "url": "https://opencollective.com/libvips"
      }
    },
    "node_modules/@img/sharp-linux-arm": {
      "version": "0.34.5",
      "resolved": "https://registry.npmjs.org/@img/sharp-linux-arm/-/sharp-linux-arm-0.34.5.tgz",
      "integrity": "sha512-9dLqsvwtg1uuXBGZKsxem9595+ujv0sJ6Vi8wcTANSFpwV/GONat5eCkzQo/1O6zRIkh0m/8+5BjrRr7jDUSZw==",
      "cpu": [
        "arm"
      ],
      "license": "Apache-2.0",
      "optional": true,
      "os": [
        "linux"
      ],
      "engines": {
        "node": "^18.17.0 || ^20.3.0 || >=21.0.0"
      },
      "funding": {
        "url": "https://opencollective.com/libvips"
      },
      "optionalDependencies": {
        "@img/sharp-libvips-linux-arm": "1.2.4"
      }
    },
    "node_modules/@img/sharp-linux-arm64": {
      "version": "0.34.5",
      "resolved": "https://registry.npmjs.org/@img/sharp-linux-arm64/-/sharp-linux-arm64-0.34.5.tgz",
      "integrity": "sha512-bKQzaJRY/bkPOXyKx5EVup7qkaojECG6NLYswgktOZjaXecSAeCWiZwwiFf3/Y+O1HrauiE3FVsGxFg8c24rZg==",
      "cpu": [
        "arm64"
      ],
      "license": "Apache-2.0",
      "optional": true,
      "os": [
        "linux"
      ],
      "engines": {
        "node": "^18.17.0 || ^20.3.0 || >=21.0.0"
      },
      "funding": {
        "url": "https://opencollective.com/libvips"
      },
      "optionalDependencies": {
        "@img/sharp-libvips-linux-arm64": "1.2.4"
      }
    },
    "node_modules/@img/sharp-linux-x64": {
      "version": "0.34.5",
      "resolved": "https://registry.npmjs.org/@img/sharp-linux-x64/-/sharp-linux-x64-0.34.5.tgz",
      "integrity": "sha512-MEzd8HPKxVxVenwAa+JRPwEC7QFjoPWuS5NZnBt6B3pu7EG2Ge0id1oLHZpPJdn3OQK+BQDiw9zStiHBTJQQQQ==",
      "cpu": [
        "x64"
      ],
      "license": "Apache-2.0",
      "optional": true,
      "os": [
        "linux"
      ],
      "engines": {
        "node": "^18.17.0 || ^20.3.0 || >=21.0.0"
      },
      "funding": {
        "url": "https://opencollective.com/libvips"
      },
      "optionalDependencies": {
        "@img/sharp-libvips-linux-x64": "1.2.4"
      }
    },
    "node_modules/@img/sharp-linuxmusl-arm64": {
      "version": "0.34.5",
      "resolved": "https://registry.npmjs.org/@img/sharp-linuxmusl-arm64/-/sharp-linuxmusl-arm64-0.34.5.tgz",
      "integrity": "sha512-fprJR6GtRsMt6Kyfq44IsChVZeGN97gTD331weR1ex1c1rypDEABN6Tm2xa1wE6lYb5DdEnk03NZPqA7Id21yg==",
      "cpu": [
        "arm64"
      ],
      "license": "Apache-2.0",
      "optional": true,
      "os": [
        "linux"
      ],
      "engines": {
        "node": "^18.17.0 || ^20.3.0 || >=21.0.0"
      },
      "funding": {
        "url": "https://opencollective.com/libvips"
      },
      "optionalDependencies": {
        "@img/sharp-libvips-linuxmusl-arm64": "1.2.4"
      }
    },
    "node_modules/@img/sharp-linuxmusl-x64": {
      "version": "0.34.5",
      "resolved": "https://registry.npmjs.org/@img/sharp-linuxmusl-x64/-/sharp-linuxmusl-x64-0.34.5.tgz",
      "integrity": "sha512-Jg8wNT1MUzIvhBFxViqrEhWDGzqymo3sV7z7ZsaWbZNDLXRJZoRGrjulp60YYtV4wfY8VIKcWidjojlLcWrd8Q==",
      "cpu": [
        "x64"
      ],
      "license": "Apache-2.0",
      "optional": true,
      "os": [
        "linux"
      ],
      "engines": {
        "node": "^18.17.0 || ^20.3.0 || >=21.0.0"
      },
      "funding": {
        "url": "https://opencollective.com/libvips"
      },
      "optionalDependencies": {
        "@img/sharp-libvips-linuxmusl-x64": "1.2.4"
      }
    },
    "node_modules/@img/sharp-win32-arm64": {
      "version": "0.34.5",
      "resolved": "https://registry.npmjs.org/@img/sharp-win32-arm64/-/sharp-win32-arm64-0.34.5.tgz",
      "integrity": "sha512-WQ3AgWCWYSb2yt+IG8mnC6Jdk9Whs7O0gxphblsLvdhSpSTtmu69ZG1Gkb6NuvxsNACwiPV6cNSZNzt0KPsw7g==",
      "cpu": [
        "arm64"
      ],
      "license": "Apache-2.0 AND LGPL-3.0-or-later",
      "optional": true,
      "os": [
        "win32"
      ],
      "engines": {
        "node": "^18.17.0 || ^20.3.0 || >=21.0.0"
      },
      "funding": {
        "url": "https://opencollective.com/libvips"
      }
    },
    "node_modules/@img/sharp-win32-x64": {
      "version": "0.34.5",
      "resolved": "https://registry.npmjs.org/@img/sharp-win32-x64/-/sharp-win32-x64-0.34.5.tgz",
      "integrity": "sha512-+29YMsqY2/9eFEiW93eqWnuLcWcufowXewwSNIT6UwZdUUCrM3oFjMWH/Z6/TMmb4hlFenmfAVbpWeup2jryCw==",
      "cpu": [
        "x64"
      ],
      "license": "Apache-2.0 AND LGPL-3.0-or-later",
      "optional": true,
      "os": [
        "win32"
      ],
      "engines": {
        "node": "^18.17.0 || ^20.3.0 || >=21.0.0"
      },
      "funding": {
        "url": "https://opencollective.com/libvips"
      }
    },
    "node_modules/@openai/codex": {
      "version": "0.118.0",
      "resolved": "https://registry.npmjs.org/@openai/codex/-/codex-0.118.0.tgz",
      "integrity": "sha512-oJhNOsP/Vu7DBUhodpP15z60cCZv3sKORqUn1+pepleqSTmc0zXJZSjz6fQOLzny9Ra6sRcvprFFKmQ3Q6+E6w==",
      "license": "Apache-2.0",
      "bin": {
        "codex": "bin/codex.js"
      },
      "engines": {
        "node": ">=16"
      },
      "optionalDependencies": {
        "@openai/codex-darwin-arm64": "npm:@openai/codex@0.118.0-darwin-arm64",
        "@openai/codex-darwin-x64": "npm:@openai/codex@0.118.0-darwin-x64",
        "@openai/codex-linux-arm64": "npm:@openai/codex@0.118.0-linux-arm64",
        "@openai/codex-linux-x64": "npm:@openai/codex@0.118.0-linux-x64",
        "@openai/codex-win32-arm64": "npm:@openai/codex@0.118.0-win32-arm64",
        "@openai/codex-win32-x64": "npm:@openai/codex@0.118.0-win32-x64"
      }
    },
    "node_modules/@openai/codex-darwin-arm64": {
      "name": "@openai/codex",
      "version": "0.118.0-darwin-arm64",
      "resolved": "https://registry.npmjs.org/@openai/codex/-/codex-0.118.0-darwin-arm64.tgz",
      "integrity": "sha512-sxq7Q2q9YiJN1wNrzvFRCC5oQKXPVUvu9Ejg6SI/CvyyI9YdtyLTO633wQJALGB7XQfT+3tyM5nNBivnSzLA3Q==",
      "cpu": [
        "arm64"
      ],
      "license": "Apache-2.0",
      "optional": true,
      "os": [
        "darwin"
      ],
      "engines": {
        "node": ">=16"
      }
    },
    "node_modules/@openai/codex-darwin-x64": {
      "name": "@openai/codex",
      "version": "0.118.0-darwin-x64",
      "resolved": "https://registry.npmjs.org/@openai/codex/-/codex-0.118.0-darwin-x64.tgz",
      "integrity": "sha512-iIvrqzsh1iJmVfqyYwLZBiuh0MkN1Suqniz9hBfmRmE6txMWhRVfigb9SMBiOkfCW1C4sjBwLCsCSzg11rvppQ==",
      "cpu": [
        "x64"
      ],
      "license": "Apache-2.0",
      "optional": true,
      "os": [
        "darwin"
      ],
      "engines": {
        "node": ">=16"
      }
    },
    "node_modules/@openai/codex-linux-arm64": {
      "name": "@openai/codex",
      "version": "0.118.0-linux-arm64",
      "resolved": "https://registry.npmjs.org/@openai/codex/-/codex-0.118.0-linux-arm64.tgz",
      "integrity": "sha512-YKWmIqLBu9mmBhN3JHQNkLzk0BtAtV6LBPvhnL5eeHkNrChvA6PKrhsjy0O7wvRkiByZY/1dD14qVdAUfxcbiA==",
      "cpu": [
        "arm64"
      ],
      "license": "Apache-2.0",
      "optional": true,
      "os": [
        "linux"
      ],
      "engines": {
        "node": ">=16"
      }
    },
    "node_modules/@openai/codex-linux-x64": {
      "name": "@openai/codex",
      "version": "0.118.0-linux-x64",
      "resolved": "https://registry.npmjs.org/@openai/codex/-/codex-0.118.0-linux-x64.tgz",
      "integrity": "sha512-vzU2d/gwAmZbf/DnwVzfQiNN3Ri04XpaZiJkHElIvGoqFbdrxRQFYTtslGDISYIO3o+POADZcFZIfamFsZj9yQ==",
      "cpu": [
        "x64"
      ],
      "license": "Apache-2.0",
      "optional": true,
      "os": [
        "linux"
      ],
      "engines": {
        "node": ">=16"
      }
    },
    "node_modules/@openai/codex-win32-arm64": {
      "name": "@openai/codex",
      "version": "0.118.0-win32-arm64",
      "resolved": "https://registry.npmjs.org/@openai/codex/-/codex-0.118.0-win32-arm64.tgz",
      "integrity": "sha512-AU7GPVFqd0Ml3P2OXfy6K6TONcxfCZLUh1zjYkkoPGWJ4A3BVMkOmMP9CAdSiQsnU/RQfdV/9IGqo1xwUQDdjA==",
      "cpu": [
        "arm64"
      ],
      "license": "Apache-2.0",
      "optional": true,
      "os": [
        "win32"
      ],
      "engines": {
        "node": ">=16"
      }
    },
    "node_modules/@openai/codex-win32-x64": {
      "name": "@openai/codex",
      "version": "0.118.0-win32-x64",
      "resolved": "https://registry.npmjs.org/@openai/codex/-/codex-0.118.0-win32-x64.tgz",
      "integrity": "sha512-9vKW1ANQxIUsLpiY0VsOM+1avZjqxDZgqgxKABJHWRlLMuaSykwXexf8Hqq+BnYFfmn0d6MjxTuE1UtVvg9caw==",
      "cpu": [
        "x64"
      ],
      "license": "Apache-2.0",
      "optional": true,
      "os": [
        "win32"
      ],
      "engines": {
        "node": ">=16"
      }
    },
    "node_modules/opencode-ai": {
      "version": "1.3.13",
      "resolved": "https://registry.npmjs.org/opencode-ai/-/opencode-ai-1.3.13.tgz",
      "integrity": "sha512-+FmXiAwCiSNYFkWEBsRWKMpDAGR2KuViVelIH9i3w5s2lltjw84Q4IQybDqzOzwTN/H4g9UgQuf5QzDqsZ1xNw==",
      "hasInstallScript": true,
      "license": "MIT",
      "bin": {
        "opencode": "bin/opencode"
      },
      "optionalDependencies": {
        "opencode-darwin-arm64": "1.3.13",
        "opencode-darwin-x64": "1.3.13",
        "opencode-darwin-x64-baseline": "1.3.13",
        "opencode-linux-arm64": "1.3.13",
        "opencode-linux-arm64-musl": "1.3.13",
        "opencode-linux-x64": "1.3.13",
        "opencode-linux-x64-baseline": "1.3.13",
        "opencode-linux-x64-baseline-musl": "1.3.13",
        "opencode-linux-x64-musl": "1.3.13",
        "opencode-windows-arm64": "1.3.13",
        "opencode-windows-x64": "1.3.13",
        "opencode-windows-x64-baseline": "1.3.13"
      }
    },
    "node_modules/opencode-darwin-arm64": {
      "version": "1.3.13",
      "resolved": "https://registry.npmjs.org/opencode-darwin-arm64/-/opencode-darwin-arm64-1.3.13.tgz",
      "integrity": "sha512-pZv7qhuMFhtv+pksKXmX2IhlK2QHOQkoJQHByzCEhvDq9JVxIduwB9ADepNJDfcY7tXePrSJCLxIYKFzVjVOzA==",
      "cpu": [
        "arm64"
      ],
      "optional": true,
      "os": [
        "darwin"
      ]
    },
    "node_modules/opencode-darwin-x64": {
      "version": "1.3.13",
      "resolved": "https://registry.npmjs.org/opencode-darwin-x64/-/opencode-darwin-x64-1.3.13.tgz",
      "integrity": "sha512-BSBSaHwLY8REwW4hVOm9hsihJBJMN559FE0+01I1nwrAg5OM7bPCoDL/PK+xnGkWe6wpbjL7x1hju3BPx3Dk+g==",
      "cpu": [
        "x64"
      ],
      "optional": true,
      "os": [
        "darwin"
      ]
    },
    "node_modules/opencode-darwin-x64-baseline": {
      "version": "1.3.13",
      "resolved": "https://registry.npmjs.org/opencode-darwin-x64-baseline/-/opencode-darwin-x64-baseline-1.3.13.tgz",
      "integrity": "sha512-KYAAodKxVoE+MQvl1de8WXfmy0gQtsDLS1XGmro608nlQOheVMOBZfWJbRi51rcjL4cDoF0/k4CQ35uluxsciw==",
      "cpu": [
        "x64"
      ],
      "optional": true,
      "os": [
        "darwin"
      ]
    },
    "node_modules/opencode-linux-arm64": {
      "version": "1.3.13",
      "resolved": "https://registry.npmjs.org/opencode-linux-arm64/-/opencode-linux-arm64-1.3.13.tgz",
      "integrity": "sha512-FalygguOjawwNkZOyyERKsZHC9kU5O05Nf0X9iNCNdeNIYD8oktqB1GfDymedKVLSM3s1wLiY2K2AadwnivRGQ==",
      "cpu": [
        "arm64"
      ],
      "optional": true,
      "os": [
        "linux"
      ]
    },
    "node_modules/opencode-linux-arm64-musl": {
      "version": "1.3.13",
      "resolved": "https://registry.npmjs.org/opencode-linux-arm64-musl/-/opencode-linux-arm64-musl-1.3.13.tgz",
      "integrity": "sha512-prJuZc93GcYxeWs/uz1BuoYGZSQEswJmKoh9nWh55QmCXf+Lb/x1vp2CdtiGzxpb7mj+NJ4QfVOa9Fc0UZMj0Q==",
      "cpu": [
        "arm64"
      ],
      "optional": true,
      "os": [
        "linux"
      ]
    },
    "node_modules/opencode-linux-x64": {
      "version": "1.3.13",
      "resolved": "https://registry.npmjs.org/opencode-linux-x64/-/opencode-linux-x64-1.3.13.tgz",
      "integrity": "sha512-zL+gG/TnevdTgbc6z3RwYXIpaodmdt2IqHF+CAQuf8Ayzx1LF0SvkkiclIEz12kdjlfttjNOxuRFWCJLzQIJIw==",
      "cpu": [
        "x64"
      ],
      "optional": true,
      "os": [
        "linux"
      ]
    },
    "node_modules/opencode-linux-x64-baseline": {
      "version": "1.3.13",
      "resolved": "https://registry.npmjs.org/opencode-linux-x64-baseline/-/opencode-linux-x64-baseline-1.3.13.tgz",
      "integrity": "sha512-0F6biOgk9u889ZvckOnrHpSz9b29vqR/kcL1LxQ1t41Erq89uYcNh/RbNJcTJkYPsG30+yu8hHg+eQWvFjxvyw==",
      "cpu": [
        "x64"
      ],
      "optional": true,
      "os": [
        "linux"
      ]
    },
    "node_modules/opencode-linux-x64-baseline-musl": {
      "version": "1.3.13",
      "resolved": "https://registry.npmjs.org/opencode-linux-x64-baseline-musl/-/opencode-linux-x64-baseline-musl-1.3.13.tgz",
      "integrity": "sha512-vxKW4tPQH3WKf4eoyNw4bzf503IvfxZ+94PXbvD0TK49Qhkab/W7ibigtTJ/WyC1JllBz7W3RQS6odstgXqUVA==",
      "cpu": [
        "x64"
      ],
      "optional": true,
      "os": [
        "linux"
      ]
    },
    "node_modules/opencode-linux-x64-musl": {
      "version": "1.3.13",
      "resolved": "https://registry.npmjs.org/opencode-linux-x64-musl/-/opencode-linux-x64-musl-1.3.13.tgz",
      "integrity": "sha512-jk+YSEYje0JfV7xapUX02zkF1N8fHfuH0O9di5S/VP4L4zLHO8uWrEj/4LxiwPWwdUgSATP9pf8WMx/Shn5dZQ==",
      "cpu": [
        "x64"
      ],
      "optional": true,
      "os": [
        "linux"
      ]
    },
    "node_modules/opencode-windows-arm64": {
      "version": "1.3.13",
      "resolved": "https://registry.npmjs.org/opencode-windows-arm64/-/opencode-windows-arm64-1.3.13.tgz",
      "integrity": "sha512-FMDHGS0PQ/rFFEpJccn5jxxk+xwB8uU4iWHNaVCDnw7HtB9qxE2wq7cIkMnrBr3NzeCV4P9O4edbhiSwt7cZsQ==",
      "cpu": [
        "arm64"
      ],
      "optional": true,
      "os": [
        "win32"
      ]
    },
    "node_modules/opencode-windows-x64": {
      "version": "1.3.13",
      "resolved": "https://registry.npmjs.org/opencode-windows-x64/-/opencode-windows-x64-1.3.13.tgz",
      "integrity": "sha512-URW1iowKefYTzxKEyD3Kq03HjqVRlwPHAAFiB7qzA17AcWCZFppp+rhOlKz25oxXjugJj53YGd63Shlrjc/oUg==",
      "cpu": [
        "x64"
      ],
      "optional": true,
      "os": [
        "win32"
      ]
    },
    "node_modules/opencode-windows-x64-baseline": {
      "version": "1.3.13",
      "resolved": "https://registry.npmjs.org/opencode-windows-x64-baseline/-/opencode-windows-x64-baseline-1.3.13.tgz",
      "integrity": "sha512-6bUttlnruIcTE+iU2MWR5kNtMOa6PIgXx5cyPNCvbbNUzdgo8AB2BWubB7IFn4DG2hy8UxFCW0ICjRv8ic5Tbw==",
      "cpu": [
        "x64"
      ],
      "optional": true,
      "os": [
        "win32"
      ]
    }
  }
}
